
Microsoft Visual Studio Solution File, Format Version 12.00
# Visual Studio 15
VisualStudioVersion = 15.0.27130.2010
MinimumVisualStudioVersion = 10.0.40219.1
Project("{8BC9CEB8-8B4A-11D0-8D11-00A0C91BC942}") = "kakao_algorithm_lv2_productMatrix", "kakao_algorithm_lv2_productMatrix\kakao_algorithm_lv2_productMatrix.vcxproj", "{F8A2FB60-079A-4E3E-BF0C-410463225743}"
EndProject
Global
	GlobalSection(SolutionConfigurationPlatforms) = preSolution
		Debug|x64 = Debug|x64
		Debug|x86 = Debug|x86
		Release|x64 = Release|x64
		Release|x86 = Release|x86
	EndGlobalSection
	GlobalSection(ProjectConfigurationPlatforms) = postSolution
		{F8A2FB60-079A-4E3E-BF0C-410463225743}.Debug|x64.ActiveCfg = Debug|x64
		{F8A2FB60-079A-4E3E-BF0C-410463225743}.Debug|x64.Build.0 = Debug|x64
		{F8A2FB60-079A-4E3E-BF0C-410463225743}.Debug|x86.ActiveCfg = Debug|Win32
		{F8A2FB60-079A-4E3E-BF0C-410463225743}.Debug|x86.Build.0 = Debug|Win32
		{F8A2FB60-079A-4E3E-BF0C-410463225743}.Release|x64.ActiveCfg = Release|x64
		{F8A2FB60-079A-4E3E-BF0C-410463225743}.Release|x64.Build.0 = Release|x64
		{F8A2FB60-079A-4E3E-BF0C-410463225743}.Release|x86.ActiveCfg = Release|Win32
		{F8A2FB60-079A-4E3E-BF0C-410463225743}.Release|x86.Build.0 = Release|Win32
	EndGlobalSection
	GlobalSection(SolutionProperties) = preSolution
		HideSolutionNode = FALSE
	EndGlobalSection
	GlobalSection(ExtensibilityGlobals) = postSolution
		SolutionGuid = {CAA5861C-B954-4A93-8A48-8FB28DC3BEE0}
	EndGlobalSection
EndGlobal
